
Microsoft Visual Studio Solution File, Format Version 11.00
# Visual Studio 2010
Project("{8BC9CEB8-8B4A-11D0-8D11-00A0C91BC942}") = "123", "123\123.vcxproj", "{E98008B7-CC24-4516-B7FA-7263A6DD1A31}"
EndProject
Project("{8BC9CEB8-8B4A-11D0-8D11-00A0C91BC942}") = "2", "2\2.vcxproj", "{FD8EE159-CF1E-4B15-A9E6-78590552788C}"
EndProject
Project("{8BC9CEB8-8B4A-11D0-8D11-00A0C91BC942}") = "2.5", "2.5\2.5.vcxproj", "{548539F6-505E-4347-98F3-0F1C2584EE3C}"
EndProject
Project("{8BC9CEB8-8B4A-11D0-8D11-00A0C91BC942}") = "3.2", "3.2\3.2.vcxproj", "{1B59124A-BF8B-4D29-A3F7-B86E106F5EC3}"
EndProject
Project("{8BC9CEB8-8B4A-11D0-8D11-00A0C91BC942}") = "3.3", "3.3\3.3.vcxproj", "{DC8C22E4-3B24-4E36-83C0-6246A85762BC}"
EndProject
Project("{8BC9CEB8-8B4A-11D0-8D11-00A0C91BC942}") = "304", "304\304.vcxproj", "{3E93F235-37F7-4E4C-9D1B-C5927C0FCA9E}"
EndProject
Project("{8BC9CEB8-8B4A-11D0-8D11-00A0C91BC942}") = "3.6", "3.6\3.6.vcxproj", "{914C9AD3-BE64-43B8-ABE1-68C109398D42}"
EndProject
Project("{8BC9CEB8-8B4A-11D0-8D11-00A0C91BC942}") = "3.7", "3.7\3.7.vcxproj", "{A8100D91-FC10-423A-B7C8-9C3D0E800378}"
EndProject
Project("{8BC9CEB8-8B4A-11D0-8D11-00A0C91BC942}") = "3.8", "3.8\3.8.vcxproj", "{51B28B79-686A-40BB-A4D1-F57C3DD76591}"
EndProject
Project("{8BC9CEB8-8B4A-11D0-8D11-00A0C91BC942}") = "3.9", "3.9\3.9.vcxproj", "{BB03327A-5083-4148-9D2D-1059A10C243A}"
EndProject
Project("{8BC9CEB8-8B4A-11D0-8D11-00A0C91BC942}") = "4.3", "4.3\4.3.vcxproj", "{88B227BB-B903-4153-BC1D-6BF58C245FF5}"
EndProject
Project("{8BC9CEB8-8B4A-11D0-8D11-00A0C91BC942}") = "4.8", "4.8\4.8.vcxproj", "{8C1754EE-A188-45A4-B132-F7B5F5167AC2}"
EndProject
Project("{8BC9CEB8-8B4A-11D0-8D11-00A0C91BC942}") = "4.9", "4.9\4.9.vcxproj", "{DEA5A6EC-87A4-49C7-AE0A-11E58C4F9B2B}"
EndProject
Project("{8BC9CEB8-8B4A-11D0-8D11-00A0C91BC942}") = "4.10", "4.10\4.10.vcxproj", "{39C1C472-684E-4B15-9221-A48CF7B8F81B}"
EndProject
Project("{8BC9CEB8-8B4A-11D0-8D11-00A0C91BC942}") = "4.11", "4.11\4.11.vcxproj", "{52C706B7-4AC2-46BA-9657-8C6381C2906F}"
EndProject
Project("{8BC9CEB8-8B4A-11D0-8D11-00A0C91BC942}") = "4.13", "4.13\4.13.vcxproj", "{A209C5A7-8D0D-42AB-AFFE-AE527ADE662C}"
EndProject
Project("{8BC9CEB8-8B4A-11D0-8D11-00A0C91BC942}") = "4.14", "4.14\4.14.vcxproj", "{247A1B5E-5D1E-48B8-ABEC-1E13D2853324}"
EndProject
Project("{8BC9CEB8-8B4A-11D0-8D11-00A0C91BC942}") = "4.15", "4.15\4.15.vcxproj", "{63DDC698-3126-4125-A2CF-7B1AE801D7AE}"
EndProject
Project("{8BC9CEB8-8B4A-11D0-8D11-00A0C91BC942}") = "4.17", "4.17\4.17.vcxproj", "{82047251-3872-4105-BF38-C8492D2A1764}"
EndProject
Project("{8BC9CEB8-8B4A-11D0-8D11-00A0C91BC942}") = "4.18", "4.18\4.18.vcxproj", "{DFC91A7B-7648-46E9-B295-ED1B7610BA88}"
EndProject
Project("{8BC9CEB8-8B4A-11D0-8D11-00A0C91BC942}") = "4.19", "4.19\4.19.vcxproj", "{11750DE6-26E1-407B-AB2A-D0BEE54C771D}"
EndProject
Project("{8BC9CEB8-8B4A-11D0-8D11-00A0C91BC942}") = "4.20", "4.20\4.20.vcxproj", "{8E99BB44-6131-4D54-A221-E6F225AB6696}"
EndProject
Project("{8BC9CEB8-8B4A-11D0-8D11-00A0C91BC942}") = "4.22", "4.22\4.22.vcxproj", "{B17979B4-1365-461E-B8D3-AAD7FFE4903E}"
EndProject
Project("{8BC9CEB8-8B4A-11D0-8D11-00A0C91BC942}") = "4.23", "4.23\4.23.vcxproj", "{FE555AC5-5965-4E10-8C3B-CB9EE02278A9}"
EndProject
Project("{8BC9CEB8-8B4A-11D0-8D11-00A0C91BC942}") = "4.24", "4.24\4.24.vcxproj", "{3661EC94-54A8-43EE-93C8-95010C584885}"
EndProject
Project("{8BC9CEB8-8B4A-11D0-8D11-00A0C91BC942}") = "5.3", "5.3\5.3.vcxproj", "{7D9DD867-809F-4291-A984-6D5DA65CF9B4}"
EndProject
Project("{8BC9CEB8-8B4A-11D0-8D11-00A0C91BC942}") = "5.04", "5.04\5.04.vcxproj", "{93D44AE4-DAFB-4A3B-8232-8752D98E278E}"
EndProject
Project("{8BC9CEB8-8B4A-11D0-8D11-00A0C91BC942}") = "5.05", "5.05\5.05.vcxproj", "{2ED63C7F-D1F3-48A8-8F92-5D1B895E2187}"
EndProject
Project("{8BC9CEB8-8B4A-11D0-8D11-00A0C91BC942}") = "5.06", "5.06\5.06.vcxproj", "{6207253B-B4C8-41A9-BD2D-BB20DF04520D}"
EndProject
Project("{8BC9CEB8-8B4A-11D0-8D11-00A0C91BC942}") = "5.061", "5.061\5.061.vcxproj", "{98B24597-F2DD-4393-AC29-F295822C7582}"
EndProject
Project("{8BC9CEB8-8B4A-11D0-8D11-00A0C91BC942}") = "5.09", "5.09\5.09.vcxproj", "{8BFC88F4-C7B2-421D-ABE8-AD5C5106ED57}"
EndProject
Project("{8BC9CEB8-8B4A-11D0-8D11-00A0C91BC942}") = "5.10", "5.10\5.10.vcxproj", "{DAB978E6-C4BB-49D3-BC12-0E5425A41D21}"
EndProject
Project("{8BC9CEB8-8B4A-11D0-8D11-00A0C91BC942}") = "5.11", "5.11\5.11.vcxproj", "{609E78B8-BED5-405C-813D-B104A19E0BC7}"
EndProject
Project("{8BC9CEB8-8B4A-11D0-8D11-00A0C91BC942}") = "5.13", "5.13\5.13.vcxproj", "{FBE7B813-3F30-44AD-A539-F9ED4FDE1F18}"
EndProject
Project("{8BC9CEB8-8B4A-11D0-8D11-00A0C91BC942}") = "5.14", "5.14\5.14.vcxproj", "{16F37BDA-1CC8-4926-BD0D-CA4A21A1EF01}"
EndProject
Project("{8BC9CEB8-8B4A-11D0-8D11-00A0C91BC942}") = "5.15", "5.15\5.15.vcxproj", "{A073DEE8-27C7-472C-8D78-D7507C406E30}"
EndProject
Project("{8BC9CEB8-8B4A-11D0-8D11-00A0C91BC942}") = "5.16", "5.16\5.16.vcxproj", "{BFD29E47-E097-40A4-90F3-A05B63AB5E4D}"
EndProject
Project("{8BC9CEB8-8B4A-11D0-8D11-00A0C91BC942}") = "5.18", "5.18\5.18.vcxproj", "{78513350-A618-45FB-BA2B-9761EEDB4932}"
EndProject
Project("{8BC9CEB8-8B4A-11D0-8D11-00A0C91BC942}") = "5.19", "5.19\5.19.vcxproj", "{4D3A4063-E4B6-4949-B4D1-48C37A73430F}"
EndProject
Project("{8BC9CEB8-8B4A-11D0-8D11-00A0C91BC942}") = "5.20", "5.20\5.20.vcxproj", "{84DFE81D-357A-4814-A817-A845E14141C3}"
EndProject
Project("{8BC9CEB8-8B4A-11D0-8D11-00A0C91BC942}") = "6.01", "6.01\6.01.vcxproj", "{E83BC884-355C-47AE-B61D-1C90F608999A}"
EndProject
Project("{8BC9CEB8-8B4A-11D0-8D11-00A0C91BC942}") = "6.02", "6.02\6.02.vcxproj", "{A3C09E7E-D07A-49C4-8622-9238751F9901}"
EndProject
Project("{8BC9CEB8-8B4A-11D0-8D11-00A0C91BC942}") = "6.05", "6.05\6.05.vcxproj", "{591E2FC2-53F9-49AE-854F-253E6B64B943}"
EndProject
Project("{8BC9CEB8-8B4A-11D0-8D11-00A0C91BC942}") = "6.06", "6.06\6.06.vcxproj", "{BC277C73-59A1-4EF6-A8E7-F6AEFBCE0AE9}"
EndProject
Project("{8BC9CEB8-8B4A-11D0-8D11-00A0C91BC942}") = "6_07", "6_07\6_07.vcxproj", "{8FD63F9D-2422-49D8-B729-AFDC7695DE64}"
EndProject
Project("{8BC9CEB8-8B4A-11D0-8D11-00A0C91BC942}") = "6.08", "6.08\6.08.vcxproj", "{521C631E-9B72-4A29-B10A-1C8384647D59}"
EndProject
Project("{8BC9CEB8-8B4A-11D0-8D11-00A0C91BC942}") = "6.12", "6.12\6.12.vcxproj", "{56948F7C-49B7-47DD-AEB0-5C4E3BCCAF19}"
EndProject
Project("{8BC9CEB8-8B4A-11D0-8D11-00A0C91BC942}") = "6.13", "6.13\6.13.vcxproj", "{A2654BA5-9F8D-4377-943C-E1776949B168}"
EndProject
Project("{8BC9CEB8-8B4A-11D0-8D11-00A0C91BC942}") = "6.14", "6.14\6.14.vcxproj", "{132DA0FC-F89F-4237-B1EC-3A00AA92FB53}"
EndProject
Project("{8BC9CEB8-8B4A-11D0-8D11-00A0C91BC942}") = "6.15", "6.15\6.15.vcxproj", "{A25B7BB8-59D1-4EAD-825C-55F1B97B10E3}"
EndProject
Project("{8BC9CEB8-8B4A-11D0-8D11-00A0C91BC942}") = "6.16", "6.16\6.16.vcxproj", "{D5FF86BF-8D17-4906-ACE8-2BEF3D7019F6}"
EndProject
Project("{8BC9CEB8-8B4A-11D0-8D11-00A0C91BC942}") = "7.01", "7.01\7.01.vcxproj", "{A38053D0-6077-4457-9B09-E51BEDDF7C4E}"
EndProject
Project("{8BC9CEB8-8B4A-11D0-8D11-00A0C91BC942}") = "7.02", "7.02\7.02.vcxproj", "{F37F8DCF-6A34-4BA3-9AD5-EE5A8418130C}"
EndProject
Project("{8BC9CEB8-8B4A-11D0-8D11-00A0C91BC942}") = "7.03", "7.03\7.03.vcxproj", "{72A77D8C-8A0D-442D-9EAA-A24EC0DC0777}"
EndProject
Project("{8BC9CEB8-8B4A-11D0-8D11-00A0C91BC942}") = "7.04", "7.04\7.04.vcxproj", "{E46E7780-047B-49CF-A936-265A0EF7AEE6}"
EndProject
Project("{8BC9CEB8-8B4A-11D0-8D11-00A0C91BC942}") = "7.05", "7.05\7.05.vcxproj", "{2F1E63AA-C62F-447D-99CE-8CC1EEB1E90C}"
EndProject
Project("{8BC9CEB8-8B4A-11D0-8D11-00A0C91BC942}") = "7.06", "7.06\7.06.vcxproj", "{B4569DC8-C760-49FF-AD0B-A932620DA30C}"
EndProject
Project("{8BC9CEB8-8B4A-11D0-8D11-00A0C91BC942}") = "7.07", "7.07\7.07.vcxproj", "{FF12BC80-E95F-49DD-961B-F0E8046DB895}"
EndProject
Project("{8BC9CEB8-8B4A-11D0-8D11-00A0C91BC942}") = "7.09", "7.09\7.09.vcxproj", "{3BF986F6-8526-4269-BCA4-E931EFA8C4F9}"
EndProject
Project("{8BC9CEB8-8B4A-11D0-8D11-00A0C91BC942}") = "7.10", "7.10\7.10.vcxproj", "{9215A026-C6D2-46B5-861E-478E52F637AA}"
EndProject
Project("{8BC9CEB8-8B4A-11D0-8D11-00A0C91BC942}") = "7.11", "7.11\7.11.vcxproj", "{B9A49B6E-53E8-41BD-82EF-735463F70400}"
EndProject
Project("{8BC9CEB8-8B4A-11D0-8D11-00A0C91BC942}") = "7.12", "7.12\7.12.vcxproj", "{59E3983E-9D47-4335-8BA7-955B41D88F56}"
EndProject
Project("{8BC9CEB8-8B4A-11D0-8D11-00A0C91BC942}") = "7.14", "7.14\7.14.vcxproj", "{5E73489C-9194-4ECC-AA6D-A8F54B256998}"
EndProject
Project("{8BC9CEB8-8B4A-11D0-8D11-00A0C91BC942}") = "7.15", "7.15\7.15.vcxproj", "{079ABDA1-0BEC-4D7B-9461-1A1F7862FEBE}"
EndProject
Project("{8BC9CEB8-8B4A-11D0-8D11-00A0C91BC942}") = "7.16", "7.16\7.16.vcxproj", "{C79360B4-CB0A-4B46-9842-326ABA3557DF}"
EndProject
Project("{8BC9CEB8-8B4A-11D0-8D11-00A0C91BC942}") = "7.17", "7.17\7.17.vcxproj", "{2416655E-C4D3-4B07-BEAE-535659AD8360}"
EndProject
Project("{8BC9CEB8-8B4A-11D0-8D11-00A0C91BC942}") = "7.18", "7.18\7.18.vcxproj", "{F4747106-5FA6-4F52-9F80-6A8E757C42E8}"
EndProject
Project("{8BC9CEB8-8B4A-11D0-8D11-00A0C91BC942}") = "7.19", "7.19\7.19.vcxproj", "{835F3033-2AAB-4445-A4F8-0547B68C4F99}"
EndProject
Project("{8BC9CEB8-8B4A-11D0-8D11-00A0C91BC942}") = "8.01", "8.01\8.01.vcxproj", "{68B19777-3F21-4029-9F40-C0527ED2C9C0}"
EndProject
Project("{8BC9CEB8-8B4A-11D0-8D11-00A0C91BC942}") = "8.02", "8.02\8.02.vcxproj", "{484FCEF9-A73B-4478-8008-5939BEA9E62E}"
EndProject
Project("{8BC9CEB8-8B4A-11D0-8D11-00A0C91BC942}") = "8.03", "8.03\8.03.vcxproj", "{E48C02FB-E299-469B-AA3C-E0420C72D6C1}"
EndProject
Project("{8BC9CEB8-8B4A-11D0-8D11-00A0C91BC942}") = "8.04", "8.04\8.04.vcxproj", "{C4FEB696-6C63-4F3C-B451-C49C74A748C8}"
EndProject
Project("{8BC9CEB8-8B4A-11D0-8D11-00A0C91BC942}") = "8.005", "8.05\8.05.vcxproj", "{26CF8818-F139-49FE-9626-C675C943F87B}"
EndProject
Project("{8BC9CEB8-8B4A-11D0-8D11-00A0C91BC942}") = "8.06", "8.06\8.06.vcxproj", "{A25A67A7-C64E-4396-AD88-2CD8A9E55378}"
EndProject
Project("{8BC9CEB8-8B4A-11D0-8D11-00A0C91BC942}") = "8.07", "8.07\8.07.vcxproj", "{18D49BB8-DE0E-4CCF-A705-81AEF9B9FE2E}"
EndProject
Project("{8BC9CEB8-8B4A-11D0-8D11-00A0C91BC942}") = "8.8", "8.8\8.8.vcxproj", "{5669234D-82A4-4419-BFA0-DC9787EB32D6}"
EndProject
Project("{8BC9CEB8-8B4A-11D0-8D11-00A0C91BC942}") = "8.09", "8.09\8.09.vcxproj", "{EB292B15-22E5-4670-B87F-08D0FB05BDDC}"
EndProject
Project("{8BC9CEB8-8B4A-11D0-8D11-00A0C91BC942}") = "8.10", "8.10\8.10.vcxproj", "{61E52FB0-7493-494F-9E0A-B1665F753B54}"
EndProject
Project("{8BC9CEB8-8B4A-11D0-8D11-00A0C91BC942}") = "8.11", "8.11\8.11.vcxproj", "{1624DC8C-5335-4E87-8257-5D4F1AA5AE8F}"
EndProject
Project("{8BC9CEB8-8B4A-11D0-8D11-00A0C91BC942}") = "8.13", "8.13\8.13.vcxproj", "{D4893AC5-CE06-4BE7-8956-936822914E25}"
EndProject
Project("{8BC9CEB8-8B4A-11D0-8D11-00A0C91BC942}") = "8.14", "8.14\8.14.vcxproj", "{2F19BC7C-6E23-4B05-B8B0-9F10C1596F61}"
EndProject
Project("{8BC9CEB8-8B4A-11D0-8D11-00A0C91BC942}") = "8.15", "8.15\8.15.vcxproj", "{040C44CB-45C2-4B7F-866A-7589AE44F9CD}"
EndProject
Project("{8BC9CEB8-8B4A-11D0-8D11-00A0C91BC942}") = "9.01", "9.01\9.01.vcxproj", "{B0D44AB5-D601-4883-B32A-B84D0D104D86}"
EndProject
Project("{8BC9CEB8-8B4A-11D0-8D11-00A0C91BC942}") = "9.04", "9.04\9.04.vcxproj", "{F9DA1720-3A2D-4F2D-97B2-6A4C2A8C0C8A}"
EndProject
Project("{8BC9CEB8-8B4A-11D0-8D11-00A0C91BC942}") = "9.05", "9.05\9.05.vcxproj", "{7B9E7479-C71F-4FE3-9BAD-3C804A0414F9}"
EndProject
Project("{8BC9CEB8-8B4A-11D0-8D11-00A0C91BC942}") = "9.07", "9.07\9.07.vcxproj", "{F71F8BBC-512B-4004-82AC-CF33EA255726}"
EndProject
Project("{8BC9CEB8-8B4A-11D0-8D11-00A0C91BC942}") = "9.09", "9.09\9.09.vcxproj", "{81B75BE0-D253-4AC7-A656-2D6CFD6A0CF6}"
EndProject
Project("{8BC9CEB8-8B4A-11D0-8D11-00A0C91BC942}") = "9.10", "9.10\9.10.vcxproj", "{1DABFD44-16A0-4AAD-960B-F77DB819CA2B}"
EndProject
Project("{8BC9CEB8-8B4A-11D0-8D11-00A0C91BC942}") = "9.11", "..\9.11\9.11\9.11.vcxproj", "{1136E382-CAD4-4DB6-98D6-63603FDABF99}"
EndProject
Project("{8BC9CEB8-8B4A-11D0-8D11-00A0C91BC942}") = "10.01", "10.01\10.01.vcxproj", "{48C84332-3C72-4788-8DE5-9A594DEB798F}"
EndProject
Global
	GlobalSection(SolutionConfigurationPlatforms) = preSolution
		Debug|Win32 = Debug|Win32
		Release|Win32 = Release|Win32
	EndGlobalSection
	GlobalSection(ProjectConfigurationPlatforms) = postSolution
		{E98008B7-CC24-4516-B7FA-7263A6DD1A31}.Debug|Win32.ActiveCfg = Debug|Win32
		{E98008B7-CC24-4516-B7FA-7263A6DD1A31}.Debug|Win32.Build.0 = Debug|Win32
		{E98008B7-CC24-4516-B7FA-7263A6DD1A31}.Release|Win32.ActiveCfg = Release|Win32
		{E98008B7-CC24-4516-B7FA-7263A6DD1A31}.Release|Win32.Build.0 = Release|Win32
		{FD8EE159-CF1E-4B15-A9E6-78590552788C}.Debug|Win32.ActiveCfg = Debug|Win32
		{FD8EE159-CF1E-4B15-A9E6-78590552788C}.Debug|Win32.Build.0 = Debug|Win32
		{FD8EE159-CF1E-4B15-A9E6-78590552788C}.Release|Win32.ActiveCfg = Release|Win32
		{FD8EE159-CF1E-4B15-A9E6-78590552788C}.Release|Win32.Build.0 = Release|Win32
		{548539F6-505E-4347-98F3-0F1C2584EE3C}.Debug|Win32.ActiveCfg = Debug|Win32
		{548539F6-505E-4347-98F3-0F1C2584EE3C}.Debug|Win32.Build.0 = Debug|Win32
		{548539F6-505E-4347-98F3-0F1C2584EE3C}.Release|Win32.ActiveCfg = Release|Win32
		{548539F6-505E-4347-98F3-0F1C2584EE3C}.Release|Win32.Build.0 = Release|Win32
		{1B59124A-BF8B-4D29-A3F7-B86E106F5EC3}.Debug|Win32.ActiveCfg = Debug|Win32
		{1B59124A-BF8B-4D29-A3F7-B86E106F5EC3}.Debug|Win32.Build.0 = Debug|Win32
		{1B59124A-BF8B-4D29-A3F7-B86E106F5EC3}.Release|Win32.ActiveCfg = Release|Win32
		{1B59124A-BF8B-4D29-A3F7-B86E106F5EC3}.Release|Win32.Build.0 = Release|Win32
		{DC8C22E4-3B24-4E36-83C0-6246A85762BC}.Debug|Win32.ActiveCfg = Debug|Win32
		{DC8C22E4-3B24-4E36-83C0-6246A85762BC}.Debug|Win32.Build.0 = Debug|Win32
		{DC8C22E4-3B24-4E36-83C0-6246A85762BC}.Release|Win32.ActiveCfg = Release|Win32
		{DC8C22E4-3B24-4E36-83C0-6246A85762BC}.Release|Win32.Build.0 = Release|Win32
		{3E93F235-37F7-4E4C-9D1B-C5927C0FCA9E}.Debug|Win32.ActiveCfg = Debug|Win32
		{3E93F235-37F7-4E4C-9D1B-C5927C0FCA9E}.Debug|Win32.Build.0 = Debug|Win32
		{3E93F235-37F7-4E4C-9D1B-C5927C0FCA9E}.Release|Win32.ActiveCfg = Release|Win32
		{3E93F235-37F7-4E4C-9D1B-C5927C0FCA9E}.Release|Win32.Build.0 = Release|Win32
		{914C9AD3-BE64-43B8-ABE1-68C109398D42}.Debug|Win32.ActiveCfg = Debug|Win32
		{914C9AD3-BE64-43B8-ABE1-68C109398D42}.Debug|Win32.Build.0 = Debug|Win32
		{914C9AD3-BE64-43B8-ABE1-68C109398D42}.Release|Win32.ActiveCfg = Release|Win32
		{914C9AD3-BE64-43B8-ABE1-68C109398D42}.Release|Win32.Build.0 = Release|Win32
		{A8100D91-FC10-423A-B7C8-9C3D0E800378}.Debug|Win32.ActiveCfg = Debug|Win32
		{A8100D91-FC10-423A-B7C8-9C3D0E800378}.Debug|Win32.Build.0 = Debug|Win32
		{A8100D91-FC10-423A-B7C8-9C3D0E800378}.Release|Win32.ActiveCfg = Release|Win32
		{A8100D91-FC10-423A-B7C8-9C3D0E800378}.Release|Win32.Build.0 = Release|Win32
		{51B28B79-686A-40BB-A4D1-F57C3DD76591}.Debug|Win32.ActiveCfg = Debug|Win32
		{51B28B79-686A-40BB-A4D1-F57C3DD76591}.Debug|Win32.Build.0 = Debug|Win32
		{51B28B79-686A-40BB-A4D1-F57C3DD76591}.Release|Win32.ActiveCfg = Release|Win32
		{51B28B79-686A-40BB-A4D1-F57C3DD76591}.Release|Win32.Build.0 = Release|Win32
		{BB03327A-5083-4148-9D2D-1059A10C243A}.Debug|Win32.ActiveCfg = Debug|Win32
		{BB03327A-5083-4148-9D2D-1059A10C243A}.Debug|Win32.Build.0 = Debug|Win32
		{BB03327A-5083-4148-9D2D-1059A10C243A}.Release|Win32.ActiveCfg = Release|Win32
		{BB03327A-5083-4148-9D2D-1059A10C243A}.Release|Win32.Build.0 = Release|Win32
		{88B227BB-B903-4153-BC1D-6BF58C245FF5}.Debug|Win32.ActiveCfg = Debug|Win32
		{88B227BB-B903-4153-BC1D-6BF58C245FF5}.Debug|Win32.Build.0 = Debug|Win32
		{88B227BB-B903-4153-BC1D-6BF58C245FF5}.Release|Win32.ActiveCfg = Release|Win32
		{88B227BB-B903-4153-BC1D-6BF58C245FF5}.Release|Win32.Build.0 = Release|Win32
		{8C1754EE-A188-45A4-B132-F7B5F5167AC2}.Debug|Win32.ActiveCfg = Debug|Win32
		{8C1754EE-A188-45A4-B132-F7B5F5167AC2}.Debug|Win32.Build.0 = Debug|Win32
		{8C1754EE-A188-45A4-B132-F7B5F5167AC2}.Release|Win32.ActiveCfg = Release|Win32
		{8C1754EE-A188-45A4-B132-F7B5F5167AC2}.Release|Win32.Build.0 = Release|Win32
		{DEA5A6EC-87A4-49C7-AE0A-11E58C4F9B2B}.Debug|Win32.ActiveCfg = Debug|Win32
		{DEA5A6EC-87A4-49C7-AE0A-11E58C4F9B2B}.Debug|Win32.Build.0 = Debug|Win32
		{DEA5A6EC-87A4-49C7-AE0A-11E58C4F9B2B}.Release|Win32.ActiveCfg = Release|Win32
		{DEA5A6EC-87A4-49C7-AE0A-11E58C4F9B2B}.Release|Win32.Build.0 = Release|Win32
		{39C1C472-684E-4B15-9221-A48CF7B8F81B}.Debug|Win32.ActiveCfg = Debug|Win32
		{39C1C472-684E-4B15-9221-A48CF7B8F81B}.Debug|Win32.Build.0 = Debug|Win32
		{39C1C472-684E-4B15-9221-A48CF7B8F81B}.Release|Win32.ActiveCfg = Release|Win32
		{39C1C472-684E-4B15-9221-A48CF7B8F81B}.Release|Win32.Build.0 = Release|Win32
		{52C706B7-4AC2-46BA-9657-8C6381C2906F}.Debug|Win32.ActiveCfg = Debug|Win32
		{52C706B7-4AC2-46BA-9657-8C6381C2906F}.Debug|Win32.Build.0 = Debug|Win32
		{52C706B7-4AC2-46BA-9657-8C6381C2906F}.Release|Win32.ActiveCfg = Release|Win32
		{52C706B7-4AC2-46BA-9657-8C6381C2906F}.Release|Win32.Build.0 = Release|Win32
		{A209C5A7-8D0D-42AB-AFFE-AE527ADE662C}.Debug|Win32.ActiveCfg = Debug|Win32
		{A209C5A7-8D0D-42AB-AFFE-AE527ADE662C}.Debug|Win32.Build.0 = Debug|Win32
		{A209C5A7-8D0D-42AB-AFFE-AE527ADE662C}.Release|Win32.ActiveCfg = Release|Win32
		{A209C5A7-8D0D-42AB-AFFE-AE527ADE662C}.Release|Win32.Build.0 = Release|Win32
		{247A1B5E-5D1E-48B8-ABEC-1E13D2853324}.Debug|Win32.ActiveCfg = Debug|Win32
		{247A1B5E-5D1E-48B8-ABEC-1E13D2853324}.Debug|Win32.Build.0 = Debug|Win32
		{247A1B5E-5D1E-48B8-ABEC-1E13D2853324}.Release|Win32.ActiveCfg = Release|Win32
		{247A1B5E-5D1E-48B8-ABEC-1E13D2853324}.Release|Win32.Build.0 = Release|Win32
		{63DDC698-3126-4125-A2CF-7B1AE801D7AE}.Debug|Win32.ActiveCfg = Debug|Win32
		{63DDC698-3126-4125-A2CF-7B1AE801D7AE}.Debug|Win32.Build.0 = Debug|Win32
		{63DDC698-3126-4125-A2CF-7B1AE801D7AE}.Release|Win32.ActiveCfg = Release|Win32
		{63DDC698-3126-4125-A2CF-7B1AE801D7AE}.Release|Win32.Build.0 = Release|Win32
		{82047251-3872-4105-BF38-C8492D2A1764}.Debug|Win32.ActiveCfg = Debug|Win32
		{82047251-3872-4105-BF38-C8492D2A1764}.Debug|Win32.Build.0 = Debug|Win32
		{82047251-3872-4105-BF38-C8492D2A1764}.Release|Win32.ActiveCfg = Release|Win32
		{82047251-3872-4105-BF38-C8492D2A1764}.Release|Win32.Build.0 = Release|Win32
		{DFC91A7B-7648-46E9-B295-ED1B7610BA88}.Debug|Win32.ActiveCfg = Debug|Win32
		{DFC91A7B-7648-46E9-B295-ED1B7610BA88}.Debug|Win32.Build.0 = Debug|Win32
		{DFC91A7B-7648-46E9-B295-ED1B7610BA88}.Release|Win32.ActiveCfg = Release|Win32
		{DFC91A7B-7648-46E9-B295-ED1B7610BA88}.Release|Win32.Build.0 = Release|Win32
		{11750DE6-26E1-407B-AB2A-D0BEE54C771D}.Debug|Win32.ActiveCfg = Debug|Win32
		{11750DE6-26E1-407B-AB2A-D0BEE54C771D}.Debug|Win32.Build.0 = Debug|Win32
		{11750DE6-26E1-407B-AB2A-D0BEE54C771D}.Release|Win32.ActiveCfg = Release|Win32
		{11750DE6-26E1-407B-AB2A-D0BEE54C771D}.Release|Win32.Build.0 = Release|Win32
		{8E99BB44-6131-4D54-A221-E6F225AB6696}.Debug|Win32.ActiveCfg = Debug|Win32
		{8E99BB44-6131-4D54-A221-E6F225AB6696}.Debug|Win32.Build.0 = Debug|Win32
		{8E99BB44-6131-4D54-A221-E6F225AB6696}.Release|Win32.ActiveCfg = Release|Win32
		{8E99BB44-6131-4D54-A221-E6F225AB6696}.Release|Win32.Build.0 = Release|Win32
		{B17979B4-1365-461E-B8D3-AAD7FFE4903E}.Debug|Win32.ActiveCfg = Debug|Win32
		{B17979B4-1365-461E-B8D3-AAD7FFE4903E}.Debug|Win32.Build.0 = Debug|Win32
		{B17979B4-1365-461E-B8D3-AAD7FFE4903E}.Release|Win32.ActiveCfg = Release|Win32
		{B17979B4-1365-461E-B8D3-AAD7FFE4903E}.Release|Win32.Build.0 = Release|Win32
		{FE555AC5-5965-4E10-8C3B-CB9EE02278A9}.Debug|Win32.ActiveCfg = Debug|Win32
		{FE555AC5-5965-4E10-8C3B-CB9EE02278A9}.Debug|Win32.Build.0 = Debug|Win32
		{FE555AC5-5965-4E10-8C3B-CB9EE02278A9}.Release|Win32.ActiveCfg = Release|Win32
		{FE555AC5-5965-4E10-8C3B-CB9EE02278A9}.Release|Win32.Build.0 = Release|Win32
		{3661EC94-54A8-43EE-93C8-95010C584885}.Debug|Win32.ActiveCfg = Debug|Win32
		{3661EC94-54A8-43EE-93C8-95010C584885}.Debug|Win32.Build.0 = Debug|Win32
		{3661EC94-54A8-43EE-93C8-95010C584885}.Release|Win32.ActiveCfg = Release|Win32
		{3661EC94-54A8-43EE-93C8-95010C584885}.Release|Win32.Build.0 = Release|Win32
		{7D9DD867-809F-4291-A984-6D5DA65CF9B4}.Debug|Win32.ActiveCfg = Debug|Win32
		{7D9DD867-809F-4291-A984-6D5DA65CF9B4}.Debug|Win32.Build.0 = Debug|Win32
		{7D9DD867-809F-4291-A984-6D5DA65CF9B4}.Release|Win32.ActiveCfg = Release|Win32
		{7D9DD867-809F-4291-A984-6D5DA65CF9B4}.Release|Win32.Build.0 = Release|Win32
		{93D44AE4-DAFB-4A3B-8232-8752D98E278E}.Debug|Win32.ActiveCfg = Debug|Win32
		{93D44AE4-DAFB-4A3B-8232-8752D98E278E}.Debug|Win32.Build.0 = Debug|Win32
		{93D44AE4-DAFB-4A3B-8232-8752D98E278E}.Release|Win32.ActiveCfg = Release|Win32
		{93D44AE4-DAFB-4A3B-8232-8752D98E278E}.Release|Win32.Build.0 = Release|Win32
		{2ED63C7F-D1F3-48A8-8F92-5D1B895E2187}.Debug|Win32.ActiveCfg = Debug|Win32
		{2ED63C7F-D1F3-48A8-8F92-5D1B895E2187}.Debug|Win32.Build.0 = Debug|Win32
		{2ED63C7F-D1F3-48A8-8F92-5D1B895E2187}.Release|Win32.ActiveCfg = Release|Win32
		{2ED63C7F-D1F3-48A8-8F92-5D1B895E2187}.Release|Win32.Build.0 = Release|Win32
		{6207253B-B4C8-41A9-BD2D-BB20DF04520D}.Debug|Win32.ActiveCfg = Debug|Win32
		{6207253B-B4C8-41A9-BD2D-BB20DF04520D}.Debug|Win32.Build.0 = Debug|Win32
		{6207253B-B4C8-41A9-BD2D-BB20DF04520D}.Release|Win32.ActiveCfg = Release|Win32
		{6207253B-B4C8-41A9-BD2D-BB20DF04520D}.Release|Win32.Build.0 = Release|Win32
		{98B24597-F2DD-4393-AC29-F295822C7582}.Debug|Win32.ActiveCfg = Debug|Win32
		{98B24597-F2DD-4393-AC29-F295822C7582}.Debug|Win32.Build.0 = Debug|Win32
		{98B24597-F2DD-4393-AC29-F295822C7582}.Release|Win32.ActiveCfg = Release|Win32
		{98B24597-F2DD-4393-AC29-F295822C7582}.Release|Win32.Build.0 = Release|Win32
		{8BFC88F4-C7B2-421D-ABE8-AD5C5106ED57}.Debug|Win32.ActiveCfg = Debug|Win32
		{8BFC88F4-C7B2-421D-ABE8-AD5C5106ED57}.Debug|Win32.Build.0 = Debug|Win32
		{8BFC88F4-C7B2-421D-ABE8-AD5C5106ED57}.Release|Win32.ActiveCfg = Release|Win32
		{8BFC88F4-C7B2-421D-ABE8-AD5C5106ED57}.Release|Win32.Build.0 = Release|Win32
		{DAB978E6-C4BB-49D3-BC12-0E5425A41D21}.Debug|Win32.ActiveCfg = Debug|Win32
		{DAB978E6-C4BB-49D3-BC12-0E5425A41D21}.Debug|Win32.Build.0 = Debug|Win32
		{DAB978E6-C4BB-49D3-BC12-0E5425A41D21}.Release|Win32.ActiveCfg = Release|Win32
		{DAB978E6-C4BB-49D3-BC12-0E5425A41D21}.Release|Win32.Build.0 = Release|Win32
		{609E78B8-BED5-405C-813D-B104A19E0BC7}.Debug|Win32.ActiveCfg = Debug|Win32
		{609E78B8-BED5-405C-813D-B104A19E0BC7}.Debug|Win32.Build.0 = Debug|Win32
		{609E78B8-BED5-405C-813D-B104A19E0BC7}.Release|Win32.ActiveCfg = Release|Win32
		{609E78B8-BED5-405C-813D-B104A19E0BC7}.Release|Win32.Build.0 = Release|Win32
		{FBE7B813-3F30-44AD-A539-F9ED4FDE1F18}.Debug|Win32.ActiveCfg = Debug|Win32
		{FBE7B813-3F30-44AD-A539-F9ED4FDE1F18}.Debug|Win32.Build.0 = Debug|Win32
		{FBE7B813-3F30-44AD-A539-F9ED4FDE1F18}.Release|Win32.ActiveCfg = Release|Win32
		{FBE7B813-3F30-44AD-A539-F9ED4FDE1F18}.Release|Win32.Build.0 = Release|Win32
		{16F37BDA-1CC8-4926-BD0D-CA4A21A1EF01}.Debug|Win32.ActiveCfg = Debug|Win32
		{16F37BDA-1CC8-4926-BD0D-CA4A21A1EF01}.Debug|Win32.Build.0 = Debug|Win32
		{16F37BDA-1CC8-4926-BD0D-CA4A21A1EF01}.Release|Win32.ActiveCfg = Release|Win32
		{16F37BDA-1CC8-4926-BD0D-CA4A21A1EF01}.Release|Win32.Build.0 = Release|Win32
		{A073DEE8-27C7-472C-8D78-D7507C406E30}.Debug|Win32.ActiveCfg = Debug|Win32
		{A073DEE8-27C7-472C-8D78-D7507C406E30}.Debug|Win32.Build.0 = Debug|Win32
		{A073DEE8-27C7-472C-8D78-D7507C406E30}.Release|Win32.ActiveCfg = Release|Win32
		{A073DEE8-27C7-472C-8D78-D7507C406E30}.Release|Win32.Build.0 = Release|Win32
		{BFD29E47-E097-40A4-90F3-A05B63AB5E4D}.Debug|Win32.ActiveCfg = Debug|Win32
		{BFD29E47-E097-40A4-90F3-A05B63AB5E4D}.Debug|Win32.Build.0 = Debug|Win32
		{BFD29E47-E097-40A4-90F3-A05B63AB5E4D}.Release|Win32.ActiveCfg = Release|Win32
		{BFD29E47-E097-40A4-90F3-A05B63AB5E4D}.Release|Win32.Build.0 = Release|Win32
		{78513350-A618-45FB-BA2B-9761EEDB4932}.Debug|Win32.ActiveCfg = Debug|Win32
		{78513350-A618-45FB-BA2B-9761EEDB4932}.Debug|Win32.Build.0 = Debug|Win32
		{78513350-A618-45FB-BA2B-9761EEDB4932}.Release|Win32.ActiveCfg = Release|Win32
		{78513350-A618-45FB-BA2B-9761EEDB4932}.Release|Win32.Build.0 = Release|Win32
		{4D3A4063-E4B6-4949-B4D1-48C37A73430F}.Debug|Win32.ActiveCfg = Debug|Win32
		{4D3A4063-E4B6-4949-B4D1-48C37A73430F}.Debug|Win32.Build.0 = Debug|Win32
		{4D3A4063-E4B6-4949-B4D1-48C37A73430F}.Release|Win32.ActiveCfg = Release|Win32
		{4D3A4063-E4B6-4949-B4D1-48C37A73430F}.Release|Win32.Build.0 = Release|Win32
		{84DFE81D-357A-4814-A817-A845E14141C3}.Debug|Win32.ActiveCfg = Debug|Win32
		{84DFE81D-357A-4814-A817-A845E14141C3}.Debug|Win32.Build.0 = Debug|Win32
		{84DFE81D-357A-4814-A817-A845E14141C3}.Release|Win32.ActiveCfg = Release|Win32
		{84DFE81D-357A-4814-A817-A845E14141C3}.Release|Win32.Build.0 = Release|Win32
		{E83BC884-355C-47AE-B61D-1C90F608999A}.Debug|Win32.ActiveCfg = Debug|Win32
		{E83BC884-355C-47AE-B61D-1C90F608999A}.Debug|Win32.Build.0 = Debug|Win32
		{E83BC884-355C-47AE-B61D-1C90F608999A}.Release|Win32.ActiveCfg = Release|Win32
		{E83BC884-355C-47AE-B61D-1C90F608999A}.Release|Win32.Build.0 = Release|Win32
		{A3C09E7E-D07A-49C4-8622-9238751F9901}.Debug|Win32.ActiveCfg = Debug|Win32
		{A3C09E7E-D07A-49C4-8622-9238751F9901}.Debug|Win32.Build.0 = Debug|Win32
		{A3C09E7E-D07A-49C4-8622-9238751F9901}.Release|Win32.ActiveCfg = Release|Win32
		{A3C09E7E-D07A-49C4-8622-9238751F9901}.Release|Win32.Build.0 = Release|Win32
		{591E2FC2-53F9-49AE-854F-253E6B64B943}.Debug|Win32.ActiveCfg = Debug|Win32
		{591E2FC2-53F9-49AE-854F-253E6B64B943}.Debug|Win32.Build.0 = Debug|Win32
		{591E2FC2-53F9-49AE-854F-253E6B64B943}.Release|Win32.ActiveCfg = Release|Win32
		{591E2FC2-53F9-49AE-854F-253E6B64B943}.Release|Win32.Build.0 = Release|Win32
		{BC277C73-59A1-4EF6-A8E7-F6AEFBCE0AE9}.Debug|Win32.ActiveCfg = Debug|Win32
		{BC277C73-59A1-4EF6-A8E7-F6AEFBCE0AE9}.Debug|Win32.Build.0 = Debug|Win32
		{BC277C73-59A1-4EF6-A8E7-F6AEFBCE0AE9}.Release|Win32.ActiveCfg = Release|Win32
		{BC277C73-59A1-4EF6-A8E7-F6AEFBCE0AE9}.Release|Win32.Build.0 = Release|Win32
		{8FD63F9D-2422-49D8-B729-AFDC7695DE64}.Debug|Win32.ActiveCfg = Debug|Win32
		{8FD63F9D-2422-49D8-B729-AFDC7695DE64}.Debug|Win32.Build.0 = Debug|Win32
		{8FD63F9D-2422-49D8-B729-AFDC7695DE64}.Release|Win32.ActiveCfg = Release|Win32
		{8FD63F9D-2422-49D8-B729-AFDC7695DE64}.Release|Win32.Build.0 = Release|Win32
		{521C631E-9B72-4A29-B10A-1C8384647D59}.Debug|Win32.ActiveCfg = Debug|Win32
		{521C631E-9B72-4A29-B10A-1C8384647D59}.Debug|Win32.Build.0 = Debug|Win32
		{521C631E-9B72-4A29-B10A-1C8384647D59}.Release|Win32.ActiveCfg = Release|Win32
		{521C631E-9B72-4A29-B10A-1C8384647D59}.Release|Win32.Build.0 = Release|Win32
		{56948F7C-49B7-47DD-AEB0-5C4E3BCCAF19}.Debug|Win32.ActiveCfg = Debug|Win32
		{56948F7C-49B7-47DD-AEB0-5C4E3BCCAF19}.Debug|Win32.Build.0 = Debug|Win32
		{56948F7C-49B7-47DD-AEB0-5C4E3BCCAF19}.Release|Win32.ActiveCfg = Release|Win32
		{56948F7C-49B7-47DD-AEB0-5C4E3BCCAF19}.Release|Win32.Build.0 = Release|Win32
		{A2654BA5-9F8D-4377-943C-E1776949B168}.Debug|Win32.ActiveCfg = Debug|Win32
		{A2654BA5-9F8D-4377-943C-E1776949B168}.Debug|Win32.Build.0 = Debug|Win32
		{A2654BA5-9F8D-4377-943C-E1776949B168}.Release|Win32.ActiveCfg = Release|Win32
		{A2654BA5-9F8D-4377-943C-E1776949B168}.Release|Win32.Build.0 = Release|Win32
		{132DA0FC-F89F-4237-B1EC-3A00AA92FB53}.Debug|Win32.ActiveCfg = Debug|Win32
		{132DA0FC-F89F-4237-B1EC-3A00AA92FB53}.Debug|Win32.Build.0 = Debug|Win32
		{132DA0FC-F89F-4237-B1EC-3A00AA92FB53}.Release|Win32.ActiveCfg = Release|Win32
		{132DA0FC-F89F-4237-B1EC-3A00AA92FB53}.Release|Win32.Build.0 = Release|Win32
		{A25B7BB8-59D1-4EAD-825C-55F1B97B10E3}.Debug|Win32.ActiveCfg = Debug|Win32
		{A25B7BB8-59D1-4EAD-825C-55F1B97B10E3}.Debug|Win32.Build.0 = Debug|Win32
		{A25B7BB8-59D1-4EAD-825C-55F1B97B10E3}.Release|Win32.ActiveCfg = Release|Win32
		{A25B7BB8-59D1-4EAD-825C-55F1B97B10E3}.Release|Win32.Build.0 = Release|Win32
		{D5FF86BF-8D17-4906-ACE8-2BEF3D7019F6}.Debug|Win32.ActiveCfg = Debug|Win32
		{D5FF86BF-8D17-4906-ACE8-2BEF3D7019F6}.Debug|Win32.Build.0 = Debug|Win32
		{D5FF86BF-8D17-4906-ACE8-2BEF3D7019F6}.Release|Win32.ActiveCfg = Release|Win32
		{D5FF86BF-8D17-4906-ACE8-2BEF3D7019F6}.Release|Win32.Build.0 = Release|Win32
		{A38053D0-6077-4457-9B09-E51BEDDF7C4E}.Debug|Win32.ActiveCfg = Debug|Win32
		{A38053D0-6077-4457-9B09-E51BEDDF7C4E}.Debug|Win32.Build.0 = Debug|Win32
		{A38053D0-6077-4457-9B09-E51BEDDF7C4E}.Release|Win32.ActiveCfg = Release|Win32
		{A38053D0-6077-4457-9B09-E51BEDDF7C4E}.Release|Win32.Build.0 = Release|Win32
		{F37F8DCF-6A34-4BA3-9AD5-EE5A8418130C}.Debug|Win32.ActiveCfg = Debug|Win32
		{F37F8DCF-6A34-4BA3-9AD5-EE5A8418130C}.Debug|Win32.Build.0 = Debug|Win32
		{F37F8DCF-6A34-4BA3-9AD5-EE5A8418130C}.Release|Win32.ActiveCfg = Release|Win32
		{F37F8DCF-6A34-4BA3-9AD5-EE5A8418130C}.Release|Win32.Build.0 = Release|Win32
		{72A77D8C-8A0D-442D-9EAA-A24EC0DC0777}.Debug|Win32.ActiveCfg = Debug|Win32
		{72A77D8C-8A0D-442D-9EAA-A24EC0DC0777}.Debug|Win32.Build.0 = Debug|Win32
		{72A77D8C-8A0D-442D-9EAA-A24EC0DC0777}.Release|Win32.ActiveCfg = Release|Win32
		{72A77D8C-8A0D-442D-9EAA-A24EC0DC0777}.Release|Win32.Build.0 = Release|Win32
		{E46E7780-047B-49CF-A936-265A0EF7AEE6}.Debug|Win32.ActiveCfg = Debug|Win32
		{E46E7780-047B-49CF-A936-265A0EF7AEE6}.Debug|Win32.Build.0 = Debug|Win32
		{E46E7780-047B-49CF-A936-265A0EF7AEE6}.Release|Win32.ActiveCfg = Release|Win32
		{E46E7780-047B-49CF-A936-265A0EF7AEE6}.Release|Win32.Build.0 = Release|Win32
		{2F1E63AA-C62F-447D-99CE-8CC1EEB1E90C}.Debug|Win32.ActiveCfg = Debug|Win32
		{2F1E63AA-C62F-447D-99CE-8CC1EEB1E90C}.Debug|Win32.Build.0 = Debug|Win32
		{2F1E63AA-C62F-447D-99CE-8CC1EEB1E90C}.Release|Win32.ActiveCfg = Release|Win32
		{2F1E63AA-C62F-447D-99CE-8CC1EEB1E90C}.Release|Win32.Build.0 = Release|Win32
		{B4569DC8-C760-49FF-AD0B-A932620DA30C}.Debug|Win32.ActiveCfg = Debug|Win32
		{B4569DC8-C760-49FF-AD0B-A932620DA30C}.Debug|Win32.Build.0 = Debug|Win32
		{B4569DC8-C760-49FF-AD0B-A932620DA30C}.Release|Win32.ActiveCfg = Release|Win32
		{B4569DC8-C760-49FF-AD0B-A932620DA30C}.Release|Win32.Build.0 = Release|Win32
		{FF12BC80-E95F-49DD-961B-F0E8046DB895}.Debug|Win32.ActiveCfg = Debug|Win32
		{FF12BC80-E95F-49DD-961B-F0E8046DB895}.Debug|Win32.Build.0 = Debug|Win32
		{FF12BC80-E95F-49DD-961B-F0E8046DB895}.Release|Win32.ActiveCfg = Release|Win32
		{FF12BC80-E95F-49DD-961B-F0E8046DB895}.Release|Win32.Build.0 = Release|Win32
		{3BF986F6-8526-4269-BCA4-E931EFA8C4F9}.Debug|Win32.ActiveCfg = Debug|Win32
		{3BF986F6-8526-4269-BCA4-E931EFA8C4F9}.Debug|Win32.Build.0 = Debug|Win32
		{3BF986F6-8526-4269-BCA4-E931EFA8C4F9}.Release|Win32.ActiveCfg = Release|Win32
		{3BF986F6-8526-4269-BCA4-E931EFA8C4F9}.Release|Win32.Build.0 = Release|Win32
		{9215A026-C6D2-46B5-861E-478E52F637AA}.Debug|Win32.ActiveCfg = Debug|Win32
		{9215A026-C6D2-46B5-861E-478E52F637AA}.Debug|Win32.Build.0 = Debug|Win32
		{9215A026-C6D2-46B5-861E-478E52F637AA}.Release|Win32.ActiveCfg = Release|Win32
		{9215A026-C6D2-46B5-861E-478E52F637AA}.Release|Win32.Build.0 = Release|Win32
		{B9A49B6E-53E8-41BD-82EF-735463F70400}.Debug|Win32.ActiveCfg = Debug|Win32
		{B9A49B6E-53E8-41BD-82EF-735463F70400}.Debug|Win32.Build.0 = Debug|Win32
		{B9A49B6E-53E8-41BD-82EF-735463F70400}.Release|Win32.ActiveCfg = Release|Win32
		{B9A49B6E-53E8-41BD-82EF-735463F70400}.Release|Win32.Build.0 = Release|Win32
		{59E3983E-9D47-4335-8BA7-955B41D88F56}.Debug|Win32.ActiveCfg = Debug|Win32
		{59E3983E-9D47-4335-8BA7-955B41D88F56}.Debug|Win32.Build.0 = Debug|Win32
		{59E3983E-9D47-4335-8BA7-955B41D88F56}.Release|Win32.ActiveCfg = Release|Win32
		{59E3983E-9D47-4335-8BA7-955B41D88F56}.Release|Win32.Build.0 = Release|Win32
		{5E73489C-9194-4ECC-AA6D-A8F54B256998}.Debug|Win32.ActiveCfg = Debug|Win32
		{5E73489C-9194-4ECC-AA6D-A8F54B256998}.Debug|Win32.Build.0 = Debug|Win32
		{5E73489C-9194-4ECC-AA6D-A8F54B256998}.Release|Win32.ActiveCfg = Release|Win32
		{5E73489C-9194-4ECC-AA6D-A8F54B256998}.Release|Win32.Build.0 = Release|Win32
		{079ABDA1-0BEC-4D7B-9461-1A1F7862FEBE}.Debug|Win32.ActiveCfg = Debug|Win32
		{079ABDA1-0BEC-4D7B-9461-1A1F7862FEBE}.Debug|Win32.Build.0 = Debug|Win32
		{079ABDA1-0BEC-4D7B-9461-1A1F7862FEBE}.Release|Win32.ActiveCfg = Release|Win32
		{079ABDA1-0BEC-4D7B-9461-1A1F7862FEBE}.Release|Win32.Build.0 = Release|Win32
		{C79360B4-CB0A-4B46-9842-326ABA3557DF}.Debug|Win32.ActiveCfg = Debug|Win32
		{C79360B4-CB0A-4B46-9842-326ABA3557DF}.Debug|Win32.Build.0 = Debug|Win32
		{C79360B4-CB0A-4B46-9842-326ABA3557DF}.Release|Win32.ActiveCfg = Release|Win32
		{C79360B4-CB0A-4B46-9842-326ABA3557DF}.Release|Win32.Build.0 = Release|Win32
		{2416655E-C4D3-4B07-BEAE-535659AD8360}.Debug|Win32.ActiveCfg = Debug|Win32
		{2416655E-C4D3-4B07-BEAE-535659AD8360}.Debug|Win32.Build.0 = Debug|Win32
		{2416655E-C4D3-4B07-BEAE-535659AD8360}.Release|Win32.ActiveCfg = Release|Win32
		{2416655E-C4D3-4B07-BEAE-535659AD8360}.Release|Win32.Build.0 = Release|Win32
		{F4747106-5FA6-4F52-9F80-6A8E757C42E8}.Debug|Win32.ActiveCfg = Debug|Win32
		{F4747106-5FA6-4F52-9F80-6A8E757C42E8}.Debug|Win32.Build.0 = Debug|Win32
		{F4747106-5FA6-4F52-9F80-6A8E757C42E8}.Release|Win32.ActiveCfg = Release|Win32
		{F4747106-5FA6-4F52-9F80-6A8E757C42E8}.Release|Win32.Build.0 = Release|Win32
		{835F3033-2AAB-4445-A4F8-0547B68C4F99}.Debug|Win32.ActiveCfg = Debug|Win32
		{835F3033-2AAB-4445-A4F8-0547B68C4F99}.Debug|Win32.Build.0 = Debug|Win32
		{835F3033-2AAB-4445-A4F8-0547B68C4F99}.Release|Win32.ActiveCfg = Release|Win32
		{835F3033-2AAB-4445-A4F8-0547B68C4F99}.Release|Win32.Build.0 = Release|Win32
		{68B19777-3F21-4029-9F40-C0527ED2C9C0}.Debug|Win32.ActiveCfg = Debug|Win32
		{68B19777-3F21-4029-9F40-C0527ED2C9C0}.Debug|Win32.Build.0 = Debug|Win32
		{68B19777-3F21-4029-9F40-C0527ED2C9C0}.Release|Win32.ActiveCfg = Release|Win32
		{68B19777-3F21-4029-9F40-C0527ED2C9C0}.Release|Win32.Build.0 = Release|Win32
		{484FCEF9-A73B-4478-8008-5939BEA9E62E}.Debug|Win32.ActiveCfg = Debug|Win32
		{484FCEF9-A73B-4478-8008-5939BEA9E62E}.Debug|Win32.Build.0 = Debug|Win32
		{484FCEF9-A73B-4478-8008-5939BEA9E62E}.Release|Win32.ActiveCfg = Release|Win32
		{484FCEF9-A73B-4478-8008-5939BEA9E62E}.Release|Win32.Build.0 = Release|Win32
		{E48C02FB-E299-469B-AA3C-E0420C72D6C1}.Debug|Win32.ActiveCfg = Debug|Win32
		{E48C02FB-E299-469B-AA3C-E0420C72D6C1}.Debug|Win32.Build.0 = Debug|Win32
		{E48C02FB-E299-469B-AA3C-E0420C72D6C1}.Release|Win32.ActiveCfg = Release|Win32
		{E48C02FB-E299-469B-AA3C-E0420C72D6C1}.Release|Win32.Build.0 = Release|Win32
		{C4FEB696-6C63-4F3C-B451-C49C74A748C8}.Debug|Win32.ActiveCfg = Debug|Win32
		{C4FEB696-6C63-4F3C-B451-C49C74A748C8}.Debug|Win32.Build.0 = Debug|Win32
		{C4FEB696-6C63-4F3C-B451-C49C74A748C8}.Release|Win32.ActiveCfg = Release|Win32
		{C4FEB696-6C63-4F3C-B451-C49C74A748C8}.Release|Win32.Build.0 = Release|Win32
		{26CF8818-F139-49FE-9626-C675C943F87B}.Debug|Win32.ActiveCfg = Debug|Win32
		{26CF8818-F139-49FE-9626-C675C943F87B}.Debug|Win32.Build.0 = Debug|Win32
		{26CF8818-F139-49FE-9626-C675C943F87B}.Release|Win32.ActiveCfg = Release|Win32
		{26CF8818-F139-49FE-9626-C675C943F87B}.Release|Win32.Build.0 = Release|Win32
		{A25A67A7-C64E-4396-AD88-2CD8A9E55378}.Debug|Win32.ActiveCfg = Debug|Win32
		{A25A67A7-C64E-4396-AD88-2CD8A9E55378}.Debug|Win32.Build.0 = Debug|Win32
		{A25A67A7-C64E-4396-AD88-2CD8A9E55378}.Release|Win32.ActiveCfg = Release|Win32
		{A25A67A7-C64E-4396-AD88-2CD8A9E55378}.Release|Win32.Build.0 = Release|Win32
		{18D49BB8-DE0E-4CCF-A705-81AEF9B9FE2E}.Debug|Win32.ActiveCfg = Debug|Win32
		{18D49BB8-DE0E-4CCF-A705-81AEF9B9FE2E}.Debug|Win32.Build.0 = Debug|Win32
		{18D49BB8-DE0E-4CCF-A705-81AEF9B9FE2E}.Release|Win32.ActiveCfg = Release|Win32
		{18D49BB8-DE0E-4CCF-A705-81AEF9B9FE2E}.Release|Win32.Build.0 = Release|Win32
		{5669234D-82A4-4419-BFA0-DC9787EB32D6}.Debug|Win32.ActiveCfg = Debug|Win32
		{5669234D-82A4-4419-BFA0-DC9787EB32D6}.Debug|Win32.Build.0 = Debug|Win32
		{5669234D-82A4-4419-BFA0-DC9787EB32D6}.Release|Win32.ActiveCfg = Release|Win32
		{5669234D-82A4-4419-BFA0-DC9787EB32D6}.Release|Win32.Build.0 = Release|Win32
		{EB292B15-22E5-4670-B87F-08D0FB05BDDC}.Debug|Win32.ActiveCfg = Debug|Win32
		{EB292B15-22E5-4670-B87F-08D0FB05BDDC}.Debug|Win32.Build.0 = Debug|Win32
		{EB292B15-22E5-4670-B87F-08D0FB05BDDC}.Release|Win32.ActiveCfg = Release|Win32
		{EB292B15-22E5-4670-B87F-08D0FB05BDDC}.Release|Win32.Build.0 = Release|Win32
		{61E52FB0-7493-494F-9E0A-B1665F753B54}.Debug|Win32.ActiveCfg = Debug|Win32
		{61E52FB0-7493-494F-9E0A-B1665F753B54}.Debug|Win32.Build.0 = Debug|Win32
		{61E52FB0-7493-494F-9E0A-B1665F753B54}.Release|Win32.ActiveCfg = Release|Win32
		{61E52FB0-7493-494F-9E0A-B1665F753B54}.Release|Win32.Build.0 = Release|Win32
		{1624DC8C-5335-4E87-8257-5D4F1AA5AE8F}.Debug|Win32.ActiveCfg = Debug|Win32
		{1624DC8C-5335-4E87-8257-5D4F1AA5AE8F}.Debug|Win32.Build.0 = Debug|Win32
		{1624DC8C-5335-4E87-8257-5D4F1AA5AE8F}.Release|Win32.ActiveCfg = Release|Win32
		{1624DC8C-5335-4E87-8257-5D4F1AA5AE8F}.Release|Win32.Build.0 = Release|Win32
		{D4893AC5-CE06-4BE7-8956-936822914E25}.Debug|Win32.ActiveCfg = Debug|Win32
		{D4893AC5-CE06-4BE7-8956-936822914E25}.Debug|Win32.Build.0 = Debug|Win32
		{D4893AC5-CE06-4BE7-8956-936822914E25}.Release|Win32.ActiveCfg = Release|Win32
		{D4893AC5-CE06-4BE7-8956-936822914E25}.Release|Win32.Build.0 = Release|Win32
		{2F19BC7C-6E23-4B05-B8B0-9F10C1596F61}.Debug|Win32.ActiveCfg = Debug|Win32
		{2F19BC7C-6E23-4B05-B8B0-9F10C1596F61}.Debug|Win32.Build.0 = Debug|Win32
		{2F19BC7C-6E23-4B05-B8B0-9F10C1596F61}.Release|Win32.ActiveCfg = Release|Win32
		{2F19BC7C-6E23-4B05-B8B0-9F10C1596F61}.Release|Win32.Build.0 = Release|Win32
		{040C44CB-45C2-4B7F-866A-7589AE44F9CD}.Debug|Win32.ActiveCfg = Debug|Win32
		{040C44CB-45C2-4B7F-866A-7589AE44F9CD}.Debug|Win32.Build.0 = Debug|Win32
		{040C44CB-45C2-4B7F-866A-7589AE44F9CD}.Release|Win32.ActiveCfg = Release|Win32
		{040C44CB-45C2-4B7F-866A-7589AE44F9CD}.Release|Win32.Build.0 = Release|Win32
		{B0D44AB5-D601-4883-B32A-B84D0D104D86}.Debug|Win32.ActiveCfg = Debug|Win32
		{B0D44AB5-D601-4883-B32A-B84D0D104D86}.Debug|Win32.Build.0 = Debug|Win32
		{B0D44AB5-D601-4883-B32A-B84D0D104D86}.Release|Win32.ActiveCfg = Release|Win32
		{B0D44AB5-D601-4883-B32A-B84D0D104D86}.Release|Win32.Build.0 = Release|Win32
		{F9DA1720-3A2D-4F2D-97B2-6A4C2A8C0C8A}.Debug|Win32.ActiveCfg = Debug|Win32
		{F9DA1720-3A2D-4F2D-97B2-6A4C2A8C0C8A}.Debug|Win32.Build.0 = Debug|Win32
		{F9DA1720-3A2D-4F2D-97B2-6A4C2A8C0C8A}.Release|Win32.ActiveCfg = Release|Win32
		{F9DA1720-3A2D-4F2D-97B2-6A4C2A8C0C8A}.Release|Win32.Build.0 = Release|Win32
		{7B9E7479-C71F-4FE3-9BAD-3C804A0414F9}.Debug|Win32.ActiveCfg = Debug|Win32
		{7B9E7479-C71F-4FE3-9BAD-3C804A0414F9}.Debug|Win32.Build.0 = Debug|Win32
		{7B9E7479-C71F-4FE3-9BAD-3C804A0414F9}.Release|Win32.ActiveCfg = Release|Win32
		{7B9E7479-C71F-4FE3-9BAD-3C804A0414F9}.Release|Win32.Build.0 = Release|Win32
		{F71F8BBC-512B-4004-82AC-CF33EA255726}.Debug|Win32.ActiveCfg = Debug|Win32
		{F71F8BBC-512B-4004-82AC-CF33EA255726}.Debug|Win32.Build.0 = Debug|Win32
		{F71F8BBC-512B-4004-82AC-CF33EA255726}.Release|Win32.ActiveCfg = Release|Win32
		{F71F8BBC-512B-4004-82AC-CF33EA255726}.Release|Win32.Build.0 = Release|Win32
		{81B75BE0-D253-4AC7-A656-2D6CFD6A0CF6}.Debug|Win32.ActiveCfg = Debug|Win32
		{81B75BE0-D253-4AC7-A656-2D6CFD6A0CF6}.Debug|Win32.Build.0 = Debug|Win32
		{81B75BE0-D253-4AC7-A656-2D6CFD6A0CF6}.Release|Win32.ActiveCfg = Release|Win32
		{81B75BE0-D253-4AC7-A656-2D6CFD6A0CF6}.Release|Win32.Build.0 = Release|Win32
		{1DABFD44-16A0-4AAD-960B-F77DB819CA2B}.Debug|Win32.ActiveCfg = Debug|Win32
		{1DABFD44-16A0-4AAD-960B-F77DB819CA2B}.Debug|Win32.Build.0 = Debug|Win32
		{1DABFD44-16A0-4AAD-960B-F77DB819CA2B}.Release|Win32.ActiveCfg = Release|Win32
		{1DABFD44-16A0-4AAD-960B-F77DB819CA2B}.Release|Win32.Build.0 = Release|Win32
		{1136E382-CAD4-4DB6-98D6-63603FDABF99}.Debug|Win32.ActiveCfg = Debug|Win32
		{1136E382-CAD4-4DB6-98D6-63603FDABF99}.Debug|Win32.Build.0 = Debug|Win32
		{1136E382-CAD4-4DB6-98D6-63603FDABF99}.Release|Win32.ActiveCfg = Release|Win32
		{1136E382-CAD4-4DB6-98D6-63603FDABF99}.Release|Win32.Build.0 = Release|Win32
		{48C84332-3C72-4788-8DE5-9A594DEB798F}.Debug|Win32.ActiveCfg = Debug|Win32
		{48C84332-3C72-4788-8DE5-9A594DEB798F}.Debug|Win32.Build.0 = Debug|Win32
		{48C84332-3C72-4788-8DE5-9A594DEB798F}.Release|Win32.ActiveCfg = Release|Win32
		{48C84332-3C72-4788-8DE5-9A594DEB798F}.Release|Win32.Build.0 = Release|Win32
	EndGlobalSection
	GlobalSection(SolutionProperties) = preSolution
		HideSolutionNode = FALSE
	EndGlobalSection
EndGlobal
